// !$*UTF8*$!
{
	archiveVersion = 1;
	classes = {
	};
	objectVersion = 50;
	objects = {

/* Begin PBXBuildFile section */
		972268BC25C06C2F00E1FB00 /* ThirstySoftRegular.otf in Resources */ = {isa = PBXBuildFile; fileRef = 978C08C82587AC8800C30474 /* ThirstySoftRegular.otf */; };
		972268BD25C06C2F00E1FB00 /* Delm-Medium.otf in Resources */ = {isa = PBXBuildFile; fileRef = 978C08C92587AC9000C30474 /* Delm-Medium.otf */; };
		978C08952587AB7100C30474 /* AppDelegate.swift in Sources */ = {isa = PBXBuildFile; fileRef = 978C08942587AB7100C30474 /* AppDelegate.swift */; };
		978C08972587AB7100C30474 /* SceneDelegate.swift in Sources */ = {isa = PBXBuildFile; fileRef = 978C08962587AB7100C30474 /* SceneDelegate.swift */; };
		978C08992587AB7100C30474 /* GridViewController.swift in Sources */ = {isa = PBXBuildFile; fileRef = 978C08982587AB7100C30474 /* GridViewController.swift */; };
		978C089C2587AB7100C30474 /* Main.storyboard in Resources */ = {isa = PBXBuildFile; fileRef = 978C089A2587AB7100C30474 /* Main.storyboard */; };
		978C089E2587AB7900C30474 /* Assets.xcassets in Resources */ = {isa = PBXBuildFile; fileRef = 978C089D2587AB7900C30474 /* Assets.xcassets */; };
		978C08A12587AB7900C30474 /* LaunchScreen.storyboard in Resources */ = {isa = PBXBuildFile; fileRef = 978C089F2587AB7900C30474 /* LaunchScreen.storyboard */; };
		978C08AC2587AB7A00C30474 /* InstagridTests.swift in Sources */ = {isa = PBXBuildFile; fileRef = 978C08AB2587AB7A00C30474 /* InstagridTests.swift */; };
		978C08B72587AB7B00C30474 /* InstagridUITests.swift in Sources */ = {isa = PBXBuildFile; fileRef = 978C08B62587AB7B00C30474 /* InstagridUITests.swift */; };
		978C08CE2587AE0000C30474 /* InstagridSession.swift in Sources */ = {isa = PBXBuildFile; fileRef = 978C08CD2587AE0000C30474 /* InstagridSession.swift */; };
/* End PBXBuildFile section */

/* Begin PBXContainerItemProxy section */
		978C08A82587AB7A00C30474 /* PBXContainerItemProxy */ = {
			isa = PBXContainerItemProxy;
			containerPortal = 978C08892587AB7100C30474 /* Project object */;
			proxyType = 1;
			remoteGlobalIDString = 978C08902587AB7100C30474;
			remoteInfo = Instagrid;
		};
		978C08B32587AB7A00C30474 /* PBXContainerItemProxy */ = {
			isa = PBXContainerItemProxy;
			containerPortal = 978C08892587AB7100C30474 /* Project object */;
			proxyType = 1;
			remoteGlobalIDString = 978C08902587AB7100C30474;
			remoteInfo = Instagrid;
		};
/* End PBXContainerItemProxy section */

/* Begin PBXFileReference section */
		978C08912587AB7100C30474 /* Instagrid.app */ = {isa = PBXFileReference; explicitFileType = wrapper.application; includeInIndex = 0; path = Instagrid.app; sourceTree = BUILT_PRODUCTS_DIR; };
		978C08942587AB7100C30474 /* AppDelegate.swift */ = {isa = PBXFileReference; lastKnownFileType = sourcecode.swift; path = AppDelegate.swift; sourceTree = "<group>"; };
		978C08962587AB7100C30474 /* SceneDelegate.swift */ = {isa = PBXFileReference; lastKnownFileType = sourcecode.swift; path = SceneDelegate.swift; sourceTree = "<group>"; };
		978C08982587AB7100C30474 /* GridViewController.swift */ = {isa = PBXFileReference; lastKnownFileType = sourcecode.swift; path = GridViewController.swift; sourceTree = "<group>"; };
		978C089B2587AB7100C30474 /* Base */ = {isa = PBXFileReference; lastKnownFileType = file.storyboard; name = Base; path = Base.lproj/Main.storyboard; sourceTree = "<group>"; };
		978C089D2587AB7900C30474 /* Assets.xcassets */ = {isa = PBXFileReference; lastKnownFileType = folder.assetcatalog; name = Assets.xcassets; path = ../Assets.xcassets; sourceTree = "<group>"; };
		978C08A02587AB7900C30474 /* Base */ = {isa = PBXFileReference; lastKnownFileType = file.storyboard; name = Base; path = Base.lproj/LaunchScreen.storyboard; sourceTree = "<group>"; };
		978C08A22587AB7900C30474 /* Info.plist */ = {isa = PBXFileReference; lastKnownFileType = text.plist.xml; path = Info.plist; sourceTree = "<group>"; };
		978C08A72587AB7A00C30474 /* InstagridTests.xctest */ = {isa = PBXFileReference; explicitFileType = wrapper.cfbundle; includeInIndex = 0; path = InstagridTests.xctest; sourceTree = BUILT_PRODUCTS_DIR; };
		978C08AB2587AB7A00C30474 /* InstagridTests.swift */ = {isa = PBXFileReference; lastKnownFileType = sourcecode.swift; path = InstagridTests.swift; sourceTree = "<group>"; };
		978C08AD2587AB7A00C30474 /* Info.plist */ = {isa = PBXFileReference; lastKnownFileType = text.plist.xml; path = Info.plist; sourceTree = "<group>"; };
		978C08B22587AB7A00C30474 /* InstagridUITests.xctest */ = {isa = PBXFileReference; explicitFileType = wrapper.cfbundle; includeInIndex = 0; path = InstagridUITests.xctest; sourceTree = BUILT_PRODUCTS_DIR; };
		978C08B62587AB7B00C30474 /* InstagridUITests.swift */ = {isa = PBXFileReference; lastKnownFileType = sourcecode.swift; path = InstagridUITests.swift; sourceTree = "<group>"; };
		978C08B82587AB7B00C30474 /* Info.plist */ = {isa = PBXFileReference; lastKnownFileType = text.plist.xml; path = Info.plist; sourceTree = "<group>"; };
		978C08C82587AC8800C30474 /* ThirstySoftRegular.otf */ = {isa = PBXFileReference; lastKnownFileType = file; path = ThirstySoftRegular.otf; sourceTree = "<group>"; };
		978C08C92587AC9000C30474 /* Delm-Medium.otf */ = {isa = PBXFileReference; lastKnownFileType = file; path = "Delm-Medium.otf"; sourceTree = "<group>"; };
		978C08CD2587AE0000C30474 /* InstagridSession.swift */ = {isa = PBXFileReference; lastKnownFileType = sourcecode.swift; path = InstagridSession.swift; sourceTree = "<group>"; };
/* End PBXFileReference section */

/* Begin PBXFrameworksBuildPhase section */
		978C088E2587AB7100C30474 /* Frameworks */ = {
			isa = PBXFrameworksBuildPhase;
			buildActionMask = 2147483647;
			files = (
			);
			runOnlyForDeploymentPostprocessing = 0;
		};
		978C08A42587AB7A00C30474 /* Frameworks */ = {
			isa = PBXFrameworksBuildPhase;
			buildActionMask = 2147483647;
			files = (
			);
			runOnlyForDeploymentPostprocessing = 0;
		};
		978C08AF2587AB7A00C30474 /* Frameworks */ = {
			isa = PBXFrameworksBuildPhase;
			buildActionMask = 2147483647;
			files = (
			);
			runOnlyForDeploymentPostprocessing = 0;
		};
/* End PBXFrameworksBuildPhase section */

/* Begin PBXGroup section */
		978C08882587AB7100C30474 = {
			isa = PBXGroup;
			children = (
				978C08932587AB7100C30474 /* Instagrid */,
				978C08AA2587AB7A00C30474 /* InstagridTests */,
				978C08B52587AB7A00C30474 /* InstagridUITests */,
				978C08922587AB7100C30474 /* Products */,
			);
			sourceTree = "<group>";
		};
		978C08922587AB7100C30474 /* Products */ = {
			isa = PBXGroup;
			children = (
				978C08912587AB7100C30474 /* Instagrid.app */,
				978C08A72587AB7A00C30474 /* InstagridTests.xctest */,
				978C08B22587AB7A00C30474 /* InstagridUITests.xctest */,
			);
			name = Products;
			sourceTree = "<group>";
		};
		978C08932587AB7100C30474 /* Instagrid */ = {
			isa = PBXGroup;
			children = (
				978C08CA2587ACAB00C30474 /* Model */,
				978C08CB2587ACB100C30474 /* View */,
				978C08CC2587ACB500C30474 /* Controller */,
				978C08C72587AC3C00C30474 /* Supporting files */,
			);
			path = Instagrid;
			sourceTree = "<group>";
		};
		978C08AA2587AB7A00C30474 /* InstagridTests */ = {
			isa = PBXGroup;
			children = (
				978C08AB2587AB7A00C30474 /* InstagridTests.swift */,
				978C08AD2587AB7A00C30474 /* Info.plist */,
			);
			path = InstagridTests;
			sourceTree = "<group>";
		};
		978C08B52587AB7A00C30474 /* InstagridUITests */ = {
			isa = PBXGroup;
			children = (
				978C08B62587AB7B00C30474 /* InstagridUITests.swift */,
				978C08B82587AB7B00C30474 /* Info.plist */,
			);
			path = InstagridUITests;
			sourceTree = "<group>";
		};
		978C08C72587AC3C00C30474 /* Supporting files */ = {
			isa = PBXGroup;
			children = (
				978C08A22587AB7900C30474 /* Info.plist */,
				978C08942587AB7100C30474 /* AppDelegate.swift */,
				978C08C82587AC8800C30474 /* ThirstySoftRegular.otf */,
				978C08C92587AC9000C30474 /* Delm-Medium.otf */,
				978C08962587AB7100C30474 /* SceneDelegate.swift */,
				978C089D2587AB7900C30474 /* Assets.xcassets */,
				978C089F2587AB7900C30474 /* LaunchScreen.storyboard */,
			);
			path = "Supporting files";
			sourceTree = "<group>";
		};
		978C08CA2587ACAB00C30474 /* Model */ = {
			isa = PBXGroup;
			children = (
				978C08CD2587AE0000C30474 /* InstagridSession.swift */,
			);
			path = Model;
			sourceTree = "<group>";
		};
		978C08CB2587ACB100C30474 /* View */ = {
			isa = PBXGroup;
			children = (
				978C089A2587AB7100C30474 /* Main.storyboard */,
			);
			path = View;
			sourceTree = "<group>";
		};
		978C08CC2587ACB500C30474 /* Controller */ = {
			isa = PBXGroup;
			children = (
				978C08982587AB7100C30474 /* GridViewController.swift */,
			);
			path = Controller;
			sourceTree = "<group>";
		};
/* End PBXGroup section */

/* Begin PBXNativeTarget section */
		978C08902587AB7100C30474 /* Instagrid */ = {
			isa = PBXNativeTarget;
			buildConfigurationList = 978C08BB2587AB7B00C30474 /* Build configuration list for PBXNativeTarget "Instagrid" */;
			buildPhases = (
				978C088D2587AB7100C30474 /* Sources */,
				978C088E2587AB7100C30474 /* Frameworks */,
				978C088F2587AB7100C30474 /* Resources */,
			);
			buildRules = (
			);
			dependencies = (
			);
			name = Instagrid;
			productName = Instagrid;
			productReference = 978C08912587AB7100C30474 /* Instagrid.app */;
			productType = "com.apple.product-type.application";
		};
		978C08A62587AB7A00C30474 /* InstagridTests */ = {
			isa = PBXNativeTarget;
			buildConfigurationList = 978C08BE2587AB7B00C30474 /* Build configuration list for PBXNativeTarget "InstagridTests" */;
			buildPhases = (
				978C08A32587AB7A00C30474 /* Sources */,
				978C08A42587AB7A00C30474 /* Frameworks */,
				978C08A52587AB7A00C30474 /* Resources */,
			);
			buildRules = (
			);
			dependencies = (
				978C08A92587AB7A00C30474 /* PBXTargetDependency */,
			);
			name = InstagridTests;
			productName = InstagridTests;
			productReference = 978C08A72587AB7A00C30474 /* InstagridTests.xctest */;
			productType = "com.apple.product-type.bundle.unit-test";
		};
		978C08B12587AB7A00C30474 /* InstagridUITests */ = {
			isa = PBXNativeTarget;
			buildConfigurationList = 978C08C12587AB7B00C30474 /* Build configuration list for PBXNativeTarget "InstagridUITests" */;
			buildPhases = (
				978C08AE2587AB7A00C30474 /* Sources */,
				978C08AF2587AB7A00C30474 /* Frameworks */,
				978C08B02587AB7A00C30474 /* Resources */,
			);
			buildRules = (
			);
			dependencies = (
				978C08B42587AB7A00C30474 /* PBXTargetDependency */,
			);
			name = InstagridUITests;
			productName = InstagridUITests;
			productReference = 978C08B22587AB7A00C30474 /* InstagridUITests.xctest */;
			productType = "com.apple.product-type.bundle.ui-testing";
		};
/* End PBXNativeTarget section */

/* Begin PBXProject section */
		978C08892587AB7100C30474 /* Project object */ = {
			isa = PBXProject;
			attributes = {
				LastSwiftUpdateCheck = 1210;
				LastUpgradeCheck = 1210;
				TargetAttributes = {
					978C08902587AB7100C30474 = {
						CreatedOnToolsVersion = 12.1;
					};
					978C08A62587AB7A00C30474 = {
						CreatedOnToolsVersion = 12.1;
						TestTargetID = 978C08902587AB7100C30474;
					};
					978C08B12587AB7A00C30474 = {
						CreatedOnToolsVersion = 12.1;
						TestTargetID = 978C08902587AB7100C30474;
					};
				};
			};
			buildConfigurationList = 978C088C2587AB7100C30474 /* Build configuration list for PBXProject "Instagrid" */;
			compatibilityVersion = "Xcode 9.3";
			developmentRegion = en;
			hasScannedForEncodings = 0;
			knownRegions = (
				en,
				Base,
			);
			mainGroup = 978C08882587AB7100C30474;
			productRefGroup = 978C08922587AB7100C30474 /* Products */;
			projectDirPath = "";
			projectRoot = "";
			targets = (
				978C08902587AB7100C30474 /* Instagrid */,
				978C08A62587AB7A00C30474 /* InstagridTests */,
				978C08B12587AB7A00C30474 /* InstagridUITests */,
			);
		};
/* End PBXProject section */

/* Begin PBXResourcesBuildPhase section */
		978C088F2587AB7100C30474 /* Resources */ = {
			isa = PBXResourcesBuildPhase;
			buildActionMask = 2147483647;
			files = (
				972268BC25C06C2F00E1FB00 /* ThirstySoftRegular.otf in Resources */,
				972268BD25C06C2F00E1FB00 /* Delm-Medium.otf in Resources */,
				978C08A12587AB7900C30474 /* LaunchScreen.storyboard in Resources */,
				978C089E2587AB7900C30474 /* Assets.xcassets in Resources */,
				978C089C2587AB7100C30474 /* Main.storyboard in Resources */,
			);
			runOnlyForDeploymentPostprocessing = 0;
		};
		978C08A52587AB7A00C30474 /* Resources */ = {
			isa = PBXResourcesBuildPhase;
			buildActionMask = 2147483647;
			files = (
			);
			runOnlyForDeploymentPostprocessing = 0;
		};
		978C08B02587AB7A00C30474 /* Resources */ = {
			isa = PBXResourcesBuildPhase;
			buildActionMask = 2147483647;
			files = (
			);
			runOnlyForDeploymentPostprocessing = 0;
		};
/* End PBXResourcesBuildPhase section */

/* Begin PBXSourcesBuildPhase section */
		978C088D2587AB7100C30474 /* Sources */ = {
			isa = PBXSourcesBuildPhase;
			buildActionMask = 2147483647;
			files = (
				978C08992587AB7100C30474 /* GridViewController.swift in Sources */,
				978C08952587AB7100C30474 /* AppDelegate.swift in Sources */,
				978C08CE2587AE0000C30474 /* InstagridSession.swift in Sources */,
				978C08972587AB7100C30474 /* SceneDelegate.swift in Sources */,
			);
			runOnlyForDeploymentPostprocessing = 0;
		};
		978C08A32587AB7A00C30474 /* Sources */ = {
			isa = PBXSourcesBuildPhase;
			buildActionMask = 2147483647;
			files = (
				978C08AC2587AB7A00C30474 /* InstagridTests.swift in Sources */,
			);
			runOnlyForDeploymentPostprocessing = 0;
		};
		978C08AE2587AB7A00C30474 /* Sources */ = {
			isa = PBXSourcesBuildPhase;
			buildActionMask = 2147483647;
			files = (
				978C08B72587AB7B00C30474 /* InstagridUITests.swift in Sources */,
			);
			runOnlyForDeploymentPostprocessing = 0;
		};
/* End PBXSourcesBuildPhase section */

/* Begin PBXTargetDependency section */
		978C08A92587AB7A00C30474 /* PBXTargetDependency */ = {
			isa = PBXTargetDependency;
			target = 978C08902587AB7100C30474 /* Instagrid */;
			targetProxy = 978C08A82587AB7A00C30474 /* PBXContainerItemProxy */;
		};
		978C08B42587AB7A00C30474 /* PBXTargetDependency */ = {
			isa = PBXTargetDependency;
			target = 978C08902587AB7100C30474 /* Instagrid */;
			targetProxy = 978C08B32587AB7A00C30474 /* PBXContainerItemProxy */;
		};
/* End PBXTargetDependency section */

/* Begin PBXVariantGroup section */
		978C089A2587AB7100C30474 /* Main.storyboard */ = {
			isa = PBXVariantGroup;
			children = (
				978C089B2587AB7100C30474 /* Base */,
			);
			name = Main.storyboard;
			sourceTree = "<group>";
		};
		978C089F2587AB7900C30474 /* LaunchScreen.storyboard */ = {
			isa = PBXVariantGroup;
			children = (
				978C08A02587AB7900C30474 /* Base */,
			);
			name = LaunchScreen.storyboard;
			sourceTree = "<group>";
		};
/* End PBXVariantGroup section */

/* Begin XCBuildConfiguration section */
		978C08B92587AB7B00C30474 /* Debug */ = {
			isa = XCBuildConfiguration;
			buildSettings = {
				ALWAYS_SEARCH_USER_PATHS = NO;
				CLANG_ANALYZER_NONNULL = YES;
				CLANG_ANALYZER_NUMBER_OBJECT_CONVERSION = YES_AGGRESSIVE;
				CLANG_CXX_LANGUAGE_STANDARD = "gnu++14";
				CLANG_CXX_LIBRARY = "libc++";
				CLANG_ENABLE_MODULES = YES;
				CLANG_ENABLE_OBJC_ARC = YES;
				CLANG_ENABLE_OBJC_WEAK = YES;
				CLANG_WARN_BLOCK_CAPTURE_AUTORELEASING = YES;
				CLANG_WARN_BOOL_CONVERSION = YES;
				CLANG_WARN_COMMA = YES;
				CLANG_WARN_CONSTANT_CONVERSION = YES;
				CLANG_WARN_DEPRECATED_OBJC_IMPLEMENTATIONS = YES;
				CLANG_WARN_DIRECT_OBJC_ISA_USAGE = YES_ERROR;
				CLANG_WARN_DOCUMENTATION_COMMENTS = YES;
				CLANG_WARN_EMPTY_BODY = YES;
				CLANG_WARN_ENUM_CONVERSION = YES;
				CLANG_WARN_INFINITE_RECURSION = YES;
				CLANG_WARN_INT_CONVERSION = YES;
				CLANG_WARN_NON_LITERAL_NULL_CONVERSION = YES;
				CLANG_WARN_OBJC_IMPLICIT_RETAIN_SELF = YES;
				CLANG_WARN_OBJC_LITERAL_CONVERSION = YES;
				CLANG_WARN_OBJC_ROOT_CLASS = YES_ERROR;
				CLANG_WARN_QUOTED_INCLUDE_IN_FRAMEWORK_HEADER = YES;
				CLANG_WARN_RANGE_LOOP_ANALYSIS = YES;
				CLANG_WARN_STRICT_PROTOTYPES = YES;
				CLANG_WARN_SUSPICIOUS_MOVE = YES;
				CLANG_WARN_UNGUARDED_AVAILABILITY = YES_AGGRESSIVE;
				CLANG_WARN_UNREACHABLE_CODE = YES;
				CLANG_WARN__DUPLICATE_METHOD_MATCH = YES;
				COPY_PHASE_STRIP = NO;
				DEBUG_INFORMATION_FORMAT = dwarf;
				ENABLE_STRICT_OBJC_MSGSEND = YES;
				ENABLE_TESTABILITY = YES;
				GCC_C_LANGUAGE_STANDARD = gnu11;
				GCC_DYNAMIC_NO_PIC = NO;
				GCC_NO_COMMON_BLOCKS = YES;
				GCC_OPTIMIZATION_LEVEL = 0;
				GCC_PREPROCESSOR_DEFINITIONS = (
					"DEBUG=1",
					"$(inherited)",
				);
				GCC_WARN_64_TO_32_BIT_CONVERSION = YES;
				GCC_WARN_ABOUT_RETURN_TYPE = YES_ERROR;
				GCC_WARN_UNDECLARED_SELECTOR = YES;
				GCC_WARN_UNINITIALIZED_AUTOS = YES_AGGRESSIVE;
				GCC_WARN_UNUSED_FUNCTION = YES;
				GCC_WARN_UNUSED_VARIABLE = YES;
				IPHONEOS_DEPLOYMENT_TARGET = 14.1;
				MTL_ENABLE_DEBUG_INFO = INCLUDE_SOURCE;
				MTL_FAST_MATH = YES;
				ONLY_ACTIVE_ARCH = YES;
				SDKROOT = iphoneos;
				SWIFT_ACTIVE_COMPILATION_CONDITIONS = DEBUG;
				SWIFT_OPTIMIZATION_LEVEL = "-Onone";
			};
			name = Debug;
		};
		978C08BA2587AB7B00C30474 /* Release */ = {
			isa = XCBuildConfiguration;
			buildSettings = {
				ALWAYS_SEARCH_USER_PATHS = NO;
				CLANG_ANALYZER_NONNULL = YES;
				CLANG_ANALYZER_NUMBER_OBJECT_CONVERSION = YES_AGGRESSIVE;
				CLANG_CXX_LANGUAGE_STANDARD = "gnu++14";
				CLANG_CXX_LIBRARY = "libc++";
				CLANG_ENABLE_MODULES = YES;
				CLANG_ENABLE_OBJC_ARC = YES;
				CLANG_ENABLE_OBJC_WEAK = YES;
				CLANG_WARN_BLOCK_CAPTURE_AUTORELEASING = YES;
				CLANG_WARN_BOOL_CONVERSION = YES;
				CLANG_WARN_COMMA = YES;
				CLANG_WARN_CONSTANT_CONVERSION = YES;
				CLANG_WARN_DEPRECATED_OBJC_IMPLEMENTATIONS = YES;
				CLANG_WARN_DIRECT_OBJC_ISA_USAGE = YES_ERROR;
				CLANG_WARN_DOCUMENTATION_COMMENTS = YES;
				CLANG_WARN_EMPTY_BODY = YES;
				CLANG_WARN_ENUM_CONVERSION = YES;
				CLANG_WARN_INFINITE_RECURSION = YES;
				CLANG_WARN_INT_CONVERSION = YES;
				CLANG_WARN_NON_LITERAL_NULL_CONVERSION = YES;
				CLANG_WARN_OBJC_IMPLICIT_RETAIN_SELF = YES;
				CLANG_WARN_OBJC_LITERAL_CONVERSION = YES;
				CLANG_WARN_OBJC_ROOT_CLASS = YES_ERROR;
				CLANG_WARN_QUOTED_INCLUDE_IN_FRAMEWORK_HEADER = YES;
				CLANG_WARN_RANGE_LOOP_ANALYSIS = YES;
				CLANG_WARN_STRICT_PROTOTYPES = YES;
				CLANG_WARN_SUSPICIOUS_MOVE = YES;
				CLANG_WARN_UNGUARDED_AVAILABILITY = YES_AGGRESSIVE;
				CLANG_WARN_UNREACHABLE_CODE = YES;
				CLANG_WARN__DUPLICATE_METHOD_MATCH = YES;
				COPY_PHASE_STRIP = NO;
				DEBUG_INFORMATION_FORMAT = "dwarf-with-dsym";
				ENABLE_NS_ASSERTIONS = NO;
				ENABLE_STRICT_OBJC_MSGSEND = YES;
				GCC_C_LANGUAGE_STANDARD = gnu11;
				GCC_NO_COMMON_BLOCKS = YES;
				GCC_WARN_64_TO_32_BIT_CONVERSION = YES;
				GCC_WARN_ABOUT_RETURN_TYPE = YES_ERROR;
				GCC_WARN_UNDECLARED_SELECTOR = YES;
				GCC_WARN_UNINITIALIZED_AUTOS = YES_AGGRESSIVE;
				GCC_WARN_UNUSED_FUNCTION = YES;
				GCC_WARN_UNUSED_VARIABLE = YES;
				IPHONEOS_DEPLOYMENT_TARGET = 14.1;
				MTL_ENABLE_DEBUG_INFO = NO;
				MTL_FAST_MATH = YES;
				SDKROOT = iphoneos;
				SWIFT_COMPILATION_MODE = wholemodule;
				SWIFT_OPTIMIZATION_LEVEL = "-O";
				VALIDATE_PRODUCT = YES;
			};
			name = Release;
		};
		978C08BC2587AB7B00C30474 /* Debug */ = {
			isa = XCBuildConfiguration;
			buildSettings = {
				ASSETCATALOG_COMPILER_APPICON_NAME = AppIcon;
				ASSETCATALOG_COMPILER_GLOBAL_ACCENT_COLOR_NAME = AccentColor;
				CODE_SIGN_STYLE = Automatic;
				DEVELOPMENT_TEAM = T4959W6459;
				INFOPLIST_FILE = "Instagrid/Supporting files/Info.plist";
				LD_RUNPATH_SEARCH_PATHS = (
					"$(inherited)",
					"@executable_path/Frameworks",
				);
				PRODUCT_BUNDLE_IDENTIFIER = fr.ianisrichardier.Instagrid;
				PRODUCT_NAME = "$(TARGET_NAME)";
				SWIFT_VERSION = 5.0;
				TARGETED_DEVICE_FAMILY = 1;
			};
			name = Debug;
		};
		978C08BD2587AB7B00C30474 /* Release */ = {
			isa = XCBuildConfiguration;
			buildSettings = {
				ASSETCATALOG_COMPILER_APPICON_NAME = AppIcon;
				ASSETCATALOG_COMPILER_GLOBAL_ACCENT_COLOR_NAME = AccentColor;
				CODE_SIGN_STYLE = Automatic;
				DEVELOPMENT_TEAM = T4959W6459;
				INFOPLIST_FILE = "Instagrid/Supporting files/Info.plist";
				LD_RUNPATH_SEARCH_PATHS = (
					"$(inherited)",
					"@executable_path/Frameworks",
				);
				PRODUCT_BUNDLE_IDENTIFIER = fr.ianisrichardier.Instagrid;
				PRODUCT_NAME = "$(TARGET_NAME)";
				SWIFT_VERSION = 5.0;
				TARGETED_DEVICE_FAMILY = 1;
			};
			name = Release;
		};
		978C08BF2587AB7B00C30474 /* Debug */ = {
			isa = XCBuildConfiguration;
			buildSettings = {
				ALWAYS_EMBED_SWIFT_STANDARD_LIBRARIES = YES;
				BUNDLE_LOADER = "$(TEST_HOST)";
				CODE_SIGN_STYLE = Automatic;
				INFOPLIST_FILE = InstagridTests/Info.plist;
				IPHONEOS_DEPLOYMENT_TARGET = 14.1;
				LD_RUNPATH_SEARCH_PATHS = (
					"$(inherited)",
					"@executable_path/Frameworks",
					"@loader_path/Frameworks",
				);
				PRODUCT_BUNDLE_IDENTIFIER = fr.ianisrichardier.InstagridTests;
				PRODUCT_NAME = "$(TARGET_NAME)";
				SWIFT_VERSION = 5.0;
				TARGETED_DEVICE_FAMILY = "1,2";
				TEST_HOST = "$(BUILT_PRODUCTS_DIR)/Instagrid.app/Instagrid";
			};
			name = Debug;
		};
		978C08C02587AB7B00C30474 /* Release */ = {
			isa = XCBuildConfiguration;
			buildSettings = {
				ALWAYS_EMBED_SWIFT_STANDARD_LIBRARIES = YES;
				BUNDLE_LOADER = "$(TEST_HOST)";
				CODE_SIGN_STYLE = Automatic;
				INFOPLIST_FILE = InstagridTests/Info.plist;
				IPHONEOS_DEPLOYMENT_TARGET = 14.1;
				LD_RUNPATH_SEARCH_PATHS = (
					"$(inherited)",
					"@executable_path/Frameworks",
					"@loader_path/Frameworks",
				);
				PRODUCT_BUNDLE_IDENTIFIER = fr.ianisrichardier.InstagridTests;
				PRODUCT_NAME = "$(TARGET_NAME)";
				SWIFT_VERSION = 5.0;
				TARGETED_DEVICE_FAMILY = "1,2";
				TEST_HOST = "$(BUILT_PRODUCTS_DIR)/Instagrid.app/Instagrid";
			};
			name = Release;
		};
		978C08C22587AB7B00C30474 /* Debug */ = {
			isa = XCBuildConfiguration;
			buildSettings = {
				ALWAYS_EMBED_SWIFT_STANDARD_LIBRARIES = YES;
				CODE_SIGN_STYLE = Automatic;
				INFOPLIST_FILE = InstagridUITests/Info.plist;
				LD_RUNPATH_SEARCH_PATHS = (
					"$(inherited)",
					"@executable_path/Frameworks",
					"@loader_path/Frameworks",
				);
				PRODUCT_BUNDLE_IDENTIFIER = fr.ianisrichardier.InstagridUITests;
				PRODUCT_NAME = "$(TARGET_NAME)";
				SWIFT_VERSION = 5.0;
				TARGETED_DEVICE_FAMILY = "1,2";
				TEST_TARGET_NAME = Instagrid;
			};
			name = Debug;
		};
		978C08C32587AB7B00C30474 /* Release */ = {
			isa = XCBuildConfiguration;
			buildSettings = {
				ALWAYS_EMBED_SWIFT_STANDARD_LIBRARIES = YES;
				CODE_SIGN_STYLE = Automatic;
				INFOPLIST_FILE = InstagridUITests/Info.plist;
				LD_RUNPATH_SEARCH_PATHS = (
					"$(inherited)",
					"@executable_path/Frameworks",
					"@loader_path/Frameworks",
				);
				PRODUCT_BUNDLE_IDENTIFIER = fr.ianisrichardier.InstagridUITests;
				PRODUCT_NAME = "$(TARGET_NAME)";
				SWIFT_VERSION = 5.0;
				TARGETED_DEVICE_FAMILY = "1,2";
				TEST_TARGET_NAME = Instagrid;
			};
			name = Release;
		};
/* End XCBuildConfiguration section */

/* Begin XCConfigurationList section */
		978C088C2587AB7100C30474 /* Build configuration list for PBXProject "Instagrid" */ = {
			isa = XCConfigurationList;
			buildConfigurations = (
				978C08B92587AB7B00C30474 /* Debug */,
				978C08BA2587AB7B00C30474 /* Release */,
			);
			defaultConfigurationIsVisible = 0;
			defaultConfigurationName = Release;
		};
		978C08BB2587AB7B00C30474 /* Build configuration list for PBXNativeTarget "Instagrid" */ = {
			isa = XCConfigurationList;
			buildConfigurations = (
				978C08BC2587AB7B00C30474 /* Debug */,
				978C08BD2587AB7B00C30474 /* Release */,
			);
			defaultConfigurationIsVisible = 0;
			defaultConfigurationName = Release;
		};
		978C08BE2587AB7B00C30474 /* Build configuration list for PBXNativeTarget "InstagridTests" */ = {
			isa = XCConfigurationList;
			buildConfigurations = (
				978C08BF2587AB7B00C30474 /* Debug */,
				978C08C02587AB7B00C30474 /* Release */,
			);
			defaultConfigurationIsVisible = 0;
			defaultConfigurationName = Release;
		};
		978C08C12587AB7B00C30474 /* Build configuration list for PBXNativeTarget "InstagridUITests" */ = {
			isa = XCConfigurationList;
			buildConfigurations = (
				978C08C22587AB7B00C30474 /* Debug */,
				978C08C32587AB7B00C30474 /* Release */,
			);
			defaultConfigurationIsVisible = 0;
			defaultConfigurationName = Release;
		};
/* End XCConfigurationList section */
	};
	rootObject = 978C08892587AB7100C30474 /* Project object */;
}
